
Microsoft Visual Studio Solution File, Format Version 12.00
# Visual Studio Version 17
VisualStudioVersion = 17.5.33530.505
MinimumVisualStudioVersion = 10.0.40219.1
Project("{FAE04EC0-301F-11D3-BF4B-00C04F79EFBC}") = "Nhom5_TVThinhNHQHuyPNTanDVDucTNQuynh_LTNet", "Nhom5_TVThinhNHQHuyPNTanDVDucTNQuynh_LTNet.csproj", "{683AD14D-F726-49A6-A3E3-7EA5E38F999D}"
EndProject
Global
	GlobalSection(SolutionConfigurationPlatforms) = preSolution
		Debug|Any CPU = Debug|Any CPU
		Release|Any CPU = Release|Any CPU
	EndGlobalSection
	GlobalSection(ProjectConfigurationPlatforms) = postSolution
		{683AD14D-F726-49A6-A3E3-7EA5E38F999D}.Debug|Any CPU.ActiveCfg = Debug|Any CPU
		{683AD14D-F726-49A6-A3E3-7EA5E38F999D}.Debug|Any CPU.Build.0 = Debug|Any CPU
		{683AD14D-F726-49A6-A3E3-7EA5E38F999D}.Release|Any CPU.ActiveCfg = Release|Any CPU
		{683AD14D-F726-49A6-A3E3-7EA5E38F999D}.Release|Any CPU.Build.0 = Release|Any CPU
	EndGlobalSection
	GlobalSection(SolutionProperties) = preSolution
		HideSolutionNode = FALSE
	EndGlobalSection
	GlobalSection(ExtensibilityGlobals) = postSolution
		SolutionGuid = {5F0FF9AF-1FA7-4490-ADFE-E2CA95A9E189}
	EndGlobalSection
EndGlobal
